
Microsoft Visual Studio Solution File, Format Version 12.00
# Visual Studio Version 16
VisualStudioVersion = 16.0.31624.102
MinimumVisualStudioVersion = 10.0.40219.1
Project("{2150E333-8FDC-42A3-9474-1A3956D46DE8}") = "pract1", "pract1", "{10834A8D-6C58-46B4-ABD2-6DF42A6D49FA}"
EndProject
Project("{8BC9CEB8-8B4A-11D0-8D11-00A0C91BC942}") = "SetOnArray", "pract1\SetOnArray\SetOnArray.vcxproj", "{1E1B94CC-2E63-4494-941C-80D28588ED8B}"
EndProject
Project("{8BC9CEB8-8B4A-11D0-8D11-00A0C91BC942}") = "SetOnList", "pract1\SetOnList\SetOnList.vcxproj", "{A7DE257A-E1DA-41A0-9EBA-493F99AA47CD}"
EndProject
Project("{8BC9CEB8-8B4A-11D0-8D11-00A0C91BC942}") = "SetOnMachineWord", "pract1\SetOnMachineWord\SetOnMachineWord.vcxproj", "{C3E14272-ABE4-4741-90B5-54A8E1DB23FA}"
EndProject
Project("{8BC9CEB8-8B4A-11D0-8D11-00A0C91BC942}") = "SetOnBoolArray", "pract1\SetOnBoolArray\SetOnBoolArray.vcxproj", "{7BB5BFAC-A976-49AA-96D4-D9D945AEB443}"
EndProject
Project("{8BC9CEB8-8B4A-11D0-8D11-00A0C91BC942}") = "SetByObject", "SetByObject\SetByObject.vcxproj", "{3471A416-4E13-4D14-A7F8-8482B6A208CC}"
EndProject
Project("{2150E333-8FDC-42A3-9474-1A3956D46DE8}") = "pract2", "pract2", "{A1C0CE39-2FAB-436C-A236-AB7B2250E957}"
EndProject
Project("{2150E333-8FDC-42A3-9474-1A3956D46DE8}") = "SetByObject", "SetByObject", "{1610C5DF-C2BA-4552-BE6D-2ED7EA16D89F}"
EndProject
Project("{2150E333-8FDC-42A3-9474-1A3956D46DE8}") = "pract3", "pract3", "{9A7B1A62-3002-4389-98F9-2FF79E29C44B}"
EndProject
Project("{8BC9CEB8-8B4A-11D0-8D11-00A0C91BC942}") = "WideSearch", "WideSearch\WideSearch.vcxproj", "{B38F038A-8D73-4F46-9E84-5733B5689621}"
EndProject
Global
	GlobalSection(SolutionConfigurationPlatforms) = preSolution
		Debug|x64 = Debug|x64
		Debug|x86 = Debug|x86
		Release|x64 = Release|x64
		Release|x86 = Release|x86
	EndGlobalSection
	GlobalSection(ProjectConfigurationPlatforms) = postSolution
		{1E1B94CC-2E63-4494-941C-80D28588ED8B}.Debug|x64.ActiveCfg = Debug|x64
		{1E1B94CC-2E63-4494-941C-80D28588ED8B}.Debug|x64.Build.0 = Debug|x64
		{1E1B94CC-2E63-4494-941C-80D28588ED8B}.Debug|x86.ActiveCfg = Debug|Win32
		{1E1B94CC-2E63-4494-941C-80D28588ED8B}.Debug|x86.Build.0 = Debug|Win32
		{1E1B94CC-2E63-4494-941C-80D28588ED8B}.Release|x64.ActiveCfg = Release|x64
		{1E1B94CC-2E63-4494-941C-80D28588ED8B}.Release|x64.Build.0 = Release|x64
		{1E1B94CC-2E63-4494-941C-80D28588ED8B}.Release|x86.ActiveCfg = Release|Win32
		{1E1B94CC-2E63-4494-941C-80D28588ED8B}.Release|x86.Build.0 = Release|Win32
		{A7DE257A-E1DA-41A0-9EBA-493F99AA47CD}.Debug|x64.ActiveCfg = Debug|x64
		{A7DE257A-E1DA-41A0-9EBA-493F99AA47CD}.Debug|x64.Build.0 = Debug|x64
		{A7DE257A-E1DA-41A0-9EBA-493F99AA47CD}.Debug|x86.ActiveCfg = Debug|Win32
		{A7DE257A-E1DA-41A0-9EBA-493F99AA47CD}.Debug|x86.Build.0 = Debug|Win32
		{A7DE257A-E1DA-41A0-9EBA-493F99AA47CD}.Release|x64.ActiveCfg = Release|x64
		{A7DE257A-E1DA-41A0-9EBA-493F99AA47CD}.Release|x64.Build.0 = Release|x64
		{A7DE257A-E1DA-41A0-9EBA-493F99AA47CD}.Release|x86.ActiveCfg = Release|Win32
		{A7DE257A-E1DA-41A0-9EBA-493F99AA47CD}.Release|x86.Build.0 = Release|Win32
		{C3E14272-ABE4-4741-90B5-54A8E1DB23FA}.Debug|x64.ActiveCfg = Debug|x64
		{C3E14272-ABE4-4741-90B5-54A8E1DB23FA}.Debug|x64.Build.0 = Debug|x64
		{C3E14272-ABE4-4741-90B5-54A8E1DB23FA}.Debug|x86.ActiveCfg = Debug|Win32
		{C3E14272-ABE4-4741-90B5-54A8E1DB23FA}.Debug|x86.Build.0 = Debug|Win32
		{C3E14272-ABE4-4741-90B5-54A8E1DB23FA}.Release|x64.ActiveCfg = Release|x64
		{C3E14272-ABE4-4741-90B5-54A8E1DB23FA}.Release|x64.Build.0 = Release|x64
		{C3E14272-ABE4-4741-90B5-54A8E1DB23FA}.Release|x86.ActiveCfg = Release|Win32
		{C3E14272-ABE4-4741-90B5-54A8E1DB23FA}.Release|x86.Build.0 = Release|Win32
		{7BB5BFAC-A976-49AA-96D4-D9D945AEB443}.Debug|x64.ActiveCfg = Debug|x64
		{7BB5BFAC-A976-49AA-96D4-D9D945AEB443}.Debug|x64.Build.0 = Debug|x64
		{7BB5BFAC-A976-49AA-96D4-D9D945AEB443}.Debug|x86.ActiveCfg = Debug|Win32
		{7BB5BFAC-A976-49AA-96D4-D9D945AEB443}.Debug|x86.Build.0 = Debug|Win32
		{7BB5BFAC-A976-49AA-96D4-D9D945AEB443}.Release|x64.ActiveCfg = Release|x64
		{7BB5BFAC-A976-49AA-96D4-D9D945AEB443}.Release|x64.Build.0 = Release|x64
		{7BB5BFAC-A976-49AA-96D4-D9D945AEB443}.Release|x86.ActiveCfg = Release|Win32
		{7BB5BFAC-A976-49AA-96D4-D9D945AEB443}.Release|x86.Build.0 = Release|Win32
		{3471A416-4E13-4D14-A7F8-8482B6A208CC}.Debug|x64.ActiveCfg = Debug|x64
		{3471A416-4E13-4D14-A7F8-8482B6A208CC}.Debug|x64.Build.0 = Debug|x64
		{3471A416-4E13-4D14-A7F8-8482B6A208CC}.Debug|x86.ActiveCfg = Debug|Win32
		{3471A416-4E13-4D14-A7F8-8482B6A208CC}.Debug|x86.Build.0 = Debug|Win32
		{3471A416-4E13-4D14-A7F8-8482B6A208CC}.Release|x64.ActiveCfg = Release|x64
		{3471A416-4E13-4D14-A7F8-8482B6A208CC}.Release|x64.Build.0 = Release|x64
		{3471A416-4E13-4D14-A7F8-8482B6A208CC}.Release|x86.ActiveCfg = Release|Win32
		{3471A416-4E13-4D14-A7F8-8482B6A208CC}.Release|x86.Build.0 = Release|Win32
		{B38F038A-8D73-4F46-9E84-5733B5689621}.Debug|x64.ActiveCfg = Debug|x64
		{B38F038A-8D73-4F46-9E84-5733B5689621}.Debug|x64.Build.0 = Debug|x64
		{B38F038A-8D73-4F46-9E84-5733B5689621}.Debug|x86.ActiveCfg = Debug|Win32
		{B38F038A-8D73-4F46-9E84-5733B5689621}.Debug|x86.Build.0 = Debug|Win32
		{B38F038A-8D73-4F46-9E84-5733B5689621}.Release|x64.ActiveCfg = Release|x64
		{B38F038A-8D73-4F46-9E84-5733B5689621}.Release|x64.Build.0 = Release|x64
		{B38F038A-8D73-4F46-9E84-5733B5689621}.Release|x86.ActiveCfg = Release|Win32
		{B38F038A-8D73-4F46-9E84-5733B5689621}.Release|x86.Build.0 = Release|Win32
	EndGlobalSection
	GlobalSection(SolutionProperties) = preSolution
		HideSolutionNode = FALSE
	EndGlobalSection
	GlobalSection(NestedProjects) = preSolution
		{1E1B94CC-2E63-4494-941C-80D28588ED8B} = {10834A8D-6C58-46B4-ABD2-6DF42A6D49FA}
		{A7DE257A-E1DA-41A0-9EBA-493F99AA47CD} = {10834A8D-6C58-46B4-ABD2-6DF42A6D49FA}
		{C3E14272-ABE4-4741-90B5-54A8E1DB23FA} = {10834A8D-6C58-46B4-ABD2-6DF42A6D49FA}
		{7BB5BFAC-A976-49AA-96D4-D9D945AEB443} = {10834A8D-6C58-46B4-ABD2-6DF42A6D49FA}
		{3471A416-4E13-4D14-A7F8-8482B6A208CC} = {1610C5DF-C2BA-4552-BE6D-2ED7EA16D89F}
		{1610C5DF-C2BA-4552-BE6D-2ED7EA16D89F} = {A1C0CE39-2FAB-436C-A236-AB7B2250E957}
		{B38F038A-8D73-4F46-9E84-5733B5689621} = {9A7B1A62-3002-4389-98F9-2FF79E29C44B}
	EndGlobalSection
	GlobalSection(ExtensibilityGlobals) = postSolution
		SolutionGuid = {9EB10FF6-09E6-4BED-95E9-16A4932A0422}
	EndGlobalSection
EndGlobal
